
Microsoft Visual Studio Solution File, Format Version 12.00
# Visual Studio Version 16
VisualStudioVersion = 16.0.31112.23
MinimumVisualStudioVersion = 10.0.40219.1
Project("{FAE04EC0-301F-11D3-BF4B-00C04F79EFBC}") = "Laba7", "Laba7.csproj", "{D49C1B81-7A52-473B-BDB6-D8AB90D95546}"
EndProject
Global
	GlobalSection(SolutionConfigurationPlatforms) = preSolution
		Debug|Any CPU = Debug|Any CPU
		Release|Any CPU = Release|Any CPU
	EndGlobalSection
	GlobalSection(ProjectConfigurationPlatforms) = postSolution
		{D49C1B81-7A52-473B-BDB6-D8AB90D95546}.Debug|Any CPU.ActiveCfg = Debug|Any CPU
		{D49C1B81-7A52-473B-BDB6-D8AB90D95546}.Debug|Any CPU.Build.0 = Debug|Any CPU
		{D49C1B81-7A52-473B-BDB6-D8AB90D95546}.Release|Any CPU.ActiveCfg = Release|Any CPU
		{D49C1B81-7A52-473B-BDB6-D8AB90D95546}.Release|Any CPU.Build.0 = Release|Any CPU
	EndGlobalSection
	GlobalSection(SolutionProperties) = preSolution
		HideSolutionNode = FALSE
	EndGlobalSection
	GlobalSection(ExtensibilityGlobals) = postSolution
		SolutionGuid = {756FBC07-6A06-4A8F-80E1-F302D6AA5F7F}
	EndGlobalSection
EndGlobal
