
Microsoft Visual Studio Solution File, Format Version 12.00
# Visual Studio Version 16
VisualStudioVersion = 16.0.31005.135
MinimumVisualStudioVersion = 10.0.40219.1
Project("{FAE04EC0-301F-11D3-BF4B-00C04F79EFBC}") = "Laba1", "Laba1.csproj", "{9A701D81-6B07-44B3-BA7D-158D2764C9CB}"
EndProject
Global
	GlobalSection(SolutionConfigurationPlatforms) = preSolution
		Debug|Any CPU = Debug|Any CPU
		Release|Any CPU = Release|Any CPU
	EndGlobalSection
	GlobalSection(ProjectConfigurationPlatforms) = postSolution
		{9A701D81-6B07-44B3-BA7D-158D2764C9CB}.Debug|Any CPU.ActiveCfg = Debug|Any CPU
		{9A701D81-6B07-44B3-BA7D-158D2764C9CB}.Debug|Any CPU.Build.0 = Debug|Any CPU
		{9A701D81-6B07-44B3-BA7D-158D2764C9CB}.Release|Any CPU.ActiveCfg = Release|Any CPU
		{9A701D81-6B07-44B3-BA7D-158D2764C9CB}.Release|Any CPU.Build.0 = Release|Any CPU
	EndGlobalSection
	GlobalSection(SolutionProperties) = preSolution
		HideSolutionNode = FALSE
	EndGlobalSection
	GlobalSection(ExtensibilityGlobals) = postSolution
		SolutionGuid = {A0E2473F-BD5B-49CE-BF88-56E52970E8B8}
	EndGlobalSection
EndGlobal
